
Microsoft Visual Studio Solution File, Format Version 12.00
# Visual Studio 15
VisualStudioVersion = 15.0.28307.271
MinimumVisualStudioVersion = 10.0.40219.1
Project("{FAE04EC0-301F-11D3-BF4B-00C04F79EFBC}") = "SalveMariaBackoffice", "SalveMariaBackoffice\SalveMariaBackoffice.csproj", "{16FAF2E2-9B0D-4ECC-8F94-385F22BFEB90}"
EndProject
Global
	GlobalSection(SolutionConfigurationPlatforms) = preSolution
		Debug|Any CPU = Debug|Any CPU
		Release|Any CPU = Release|Any CPU
	EndGlobalSection
	GlobalSection(ProjectConfigurationPlatforms) = postSolution
		{16FAF2E2-9B0D-4ECC-8F94-385F22BFEB90}.Debug|Any CPU.ActiveCfg = Debug|Any CPU
		{16FAF2E2-9B0D-4ECC-8F94-385F22BFEB90}.Debug|Any CPU.Build.0 = Debug|Any CPU
		{16FAF2E2-9B0D-4ECC-8F94-385F22BFEB90}.Release|Any CPU.ActiveCfg = Release|Any CPU
		{16FAF2E2-9B0D-4ECC-8F94-385F22BFEB90}.Release|Any CPU.Build.0 = Release|Any CPU
	EndGlobalSection
	GlobalSection(SolutionProperties) = preSolution
		HideSolutionNode = FALSE
	EndGlobalSection
	GlobalSection(ExtensibilityGlobals) = postSolution
		SolutionGuid = {4055B705-DBEF-43D2-88C6-DBA90E7FE070}
	EndGlobalSection
EndGlobal
